<?xml version="1.0" encoding="utf-8"?>
<Project ToolsVersion="4.0" xmlns="http://schemas.microsoft.com/developer/msbuild/2003">
  <ItemGroup>
    <Filter Include="Source Files">
      <UniqueIdentifier>{4FC737F1-C7A5-4376-A066-2A32D752A2FF}</UniqueIdentifier>
      <Extensions>cpp;c;cc;cxx;c++;cppm;ixx;def;odl;idl;hpj;bat;asm;asmx</Extensions>
    </Filter>
    <Filter Include="Header Files">
      <UniqueIdentifier>{93995380-89BD-4b04-88EB-625FBE52EBFB}</UniqueIdentifier>
      <Extensions>h;hh;hpp;hxx;h++;hm;inl;inc;ipp;xsd</Extensions>
    </Filter>
    <Filter Include="Resource Files">
      <UniqueIdentifier>{67DA6AB6-F800-4c08-8B7A-83BB121AAD01}</UniqueIdentifier>
      <Extensions>rc;ico;cur;bmp;dlg;rc2;rct;bin;rgs;gif;jpg;jpeg;jpe;resx;tiff;tif;png;wav;mfcribbon-ms</Extensions>
    </Filter>
    <Filter Include="Common">
      <UniqueIdentifier>{9829d353-b611-4707-9ffe-b5d36593e681}</UniqueIdentifier>
    </Filter>
    <Filter Include="FX">
      <UniqueIdentifier>{7d214fd2-db19-42b1-985e-51b6580dd6e4}</UniqueIdentifier>
    </Filter>
    <Filter Include="imgui">
      <UniqueIdentifier>{47cd30e0-bfc0-4195-a334-7c6ad436d49c}</UniqueIdentifier>
    </Filter>
    <Filter Include="imgui\imgui">
      <UniqueIdentifier>{b1ddc889-75fc-4078-922a-fd2975f21929}</UniqueIdentifier>
    </Filter>
    <Filter Include="imgui\imguizmo">
      <UniqueIdentifier>{4cd8caf1-e839-4b5e-befd-08018ef6b37d}</UniqueIdentifier>
    </Filter>
  </ItemGroup>
  <ItemGroup>
    <ClCompile Include="AssimpModel.cpp">
      <Filter>Source Files</Filter>
    </ClCompile>
    <ClCompile Include="BasicModel.cpp">
      <Filter>Source Files</Filter>
    </ClCompile>
    <ClCompile Include="Effects.cpp">
      <Filter>Source Files</Filter>
    </ClCompile>
    <ClCompile Include="LoadM3d.cpp">
      <Filter>Source Files</Filter>
    </ClCompile>
    <ClCompile Include="MeshGeometry.cpp">
      <Filter>Source Files</Filter>
    </ClCompile>
    <ClCompile Include="RenderStates.cpp">
      <Filter>Source Files</Filter>
    </ClCompile>
    <ClCompile Include="ShadowMap.cpp">
      <Filter>Source Files</Filter>
    </ClCompile>
    <ClCompile Include="SkinnedData.cpp">
      <Filter>Source Files</Filter>
    </ClCompile>
    <ClCompile Include="SkinnedMesh.cpp">
      <Filter>Source Files</Filter>
    </ClCompile>
    <ClCompile Include="SkinnedMeshDemo.cpp">
      <Filter>Source Files</Filter>
    </ClCompile>
    <ClCompile Include="SkinnedModel.cpp">
      <Filter>Source Files</Filter>
    </ClCompile>
    <ClCompile Include="Sky.cpp">
      <Filter>Source Files</Filter>
    </ClCompile>
    <ClCompile Include="Ssao.cpp">
      <Filter>Source Files</Filter>
    </ClCompile>
    <ClCompile Include="Vertex.cpp">
      <Filter>Source Files</Filter>
    </ClCompile>
    <ClCompile Include="Terrain.cpp">
      <Filter>Source Files</Filter>
    </ClCompile>
    <ClCompile Include="ParticleSystem.cpp">
      <Filter>Source Files</Filter>
    </ClCompile>
    <ClCompile Include="FontSheet.cpp">
      <Filter>Source Files</Filter>
    </ClCompile>
    <ClCompile Include="SpriteBatch.cpp">
      <Filter>Source Files</Filter>
    </ClCompile>
    <ClCompile Include="..\Common\Camera.cpp">
      <Filter>Common</Filter>
    </ClCompile>
    <ClCompile Include="..\Common\d3dApp.cpp">
      <Filter>Common</Filter>
    </ClCompile>
    <ClCompile Include="..\Common\d3dUtil.cpp">
      <Filter>Common</Filter>
    </ClCompile>
    <ClCompile Include="..\Common\DDSTextureLoader.cpp">
      <Filter>Common</Filter>
    </ClCompile>
    <ClCompile Include="..\Common\dxerr.cpp">
      <Filter>Common</Filter>
    </ClCompile>
    <ClCompile Include="..\Common\GameTimer.cpp">
      <Filter>Common</Filter>
    </ClCompile>
    <ClCompile Include="..\Common\GeometryGenerator.cpp">
      <Filter>Common</Filter>
    </ClCompile>
    <ClCompile Include="..\Common\LightHelper.cpp">
      <Filter>Common</Filter>
    </ClCompile>
    <ClCompile Include="..\Common\MathHelper.cpp">
      <Filter>Common</Filter>
    </ClCompile>
    <ClCompile Include="..\Common\TextureMgr.cpp">
      <Filter>Common</Filter>
    </ClCompile>
    <ClCompile Include="imgui\imgui_impl_dx11.cpp">
      <Filter>imgui</Filter>
    </ClCompile>
    <ClCompile Include="imgui\imgui_impl_win32.cpp">
      <Filter>imgui</Filter>
    </ClCompile>
    <ClCompile Include="imgui\imgui\imgui.cpp">
      <Filter>imgui\imgui</Filter>
    </ClCompile>
    <ClCompile Include="imgui\imgui\imgui_demo.cpp">
      <Filter>imgui\imgui</Filter>
    </ClCompile>
    <ClCompile Include="imgui\imgui\imgui_draw.cpp">
      <Filter>imgui\imgui</Filter>
    </ClCompile>
    <ClCompile Include="imgui\imgui\imgui_tables.cpp">
      <Filter>imgui\imgui</Filter>
    </ClCompile>
    <ClCompile Include="imgui\imgui\imgui_widgets.cpp">
      <Filter>imgui\imgui</Filter>
    </ClCompile>
    <ClCompile Include="imgui\imguizmo\ImCurveEdit.cpp">
      <Filter>imgui\imguizmo</Filter>
    </ClCompile>
    <ClCompile Include="imgui\imguizmo\ImGradient.cpp">
      <Filter>imgui\imguizmo</Filter>
    </ClCompile>
    <ClCompile Include="imgui\imguizmo\ImGuizmo.cpp">
      <Filter>imgui\imguizmo</Filter>
    </ClCompile>
    <ClCompile Include="imgui\imguizmo\ImSequencer.cpp">
      <Filter>imgui\imguizmo</Filter>
    </ClCompile>
    <ClCompile Include="Physics.cpp">
      <Filter>Source Files</Filter>
    </ClCompile>
    <ClCompile Include="Scene.cpp">
      <Filter>Source Files</Filter>
    </ClCompile>
  </ItemGroup>
  <ItemGroup>
    <ClInclude Include="AssimpMesh.h">
      <Filter>Header Files</Filter>
    </ClInclude>
    <ClInclude Include="AssimpModel.h">
      <Filter>Header Files</Filter>
    </ClInclude>
    <ClInclude Include="BasicModel.h">
      <Filter>Header Files</Filter>
    </ClInclude>
    <ClInclude Include="Effects.h">
      <Filter>Header Files</Filter>
    </ClInclude>
    <ClInclude Include="LoadM3d.h">
      <Filter>Header Files</Filter>
    </ClInclude>
    <ClInclude Include="MeshGeometry.h">
      <Filter>Header Files</Filter>
    </ClInclude>
    <ClInclude Include="RenderStates.h">
      <Filter>Header Files</Filter>
    </ClInclude>
    <ClInclude Include="ShadowMap.h">
      <Filter>Header Files</Filter>
    </ClInclude>
    <ClInclude Include="SkinnedData.h">
      <Filter>Header Files</Filter>
    </ClInclude>
    <ClInclude Include="SkinnedMesh.h">
      <Filter>Header Files</Filter>
    </ClInclude>
    <ClInclude Include="SkinnedModel.h">
      <Filter>Header Files</Filter>
    </ClInclude>
    <ClInclude Include="Sky.h">
      <Filter>Header Files</Filter>
    </ClInclude>
    <ClInclude Include="Ssao.h">
      <Filter>Header Files</Filter>
    </ClInclude>
    <ClInclude Include="Vertex.h">
      <Filter>Header Files</Filter>
    </ClInclude>
    <ClInclude Include="Terrain.h">
      <Filter>Header Files</Filter>
    </ClInclude>
    <ClInclude Include="ParticleSystem.h">
      <Filter>Header Files</Filter>
    </ClInclude>
    <ClInclude Include="FontSheet.h">
      <Filter>Header Files</Filter>
    </ClInclude>
    <ClInclude Include="SpriteBatch.h">
      <Filter>Header Files</Filter>
    </ClInclude>
    <ClInclude Include="..\Common\Camera.h">
      <Filter>Common</Filter>
    </ClInclude>
    <ClInclude Include="..\Common\d3dApp.h">
      <Filter>Common</Filter>
    </ClInclude>
    <ClInclude Include="..\Common\d3dUtil.h">
      <Filter>Common</Filter>
    </ClInclude>
    <ClInclude Include="..\Common\d3dx11effect.h">
      <Filter>Common</Filter>
    </ClInclude>
    <ClInclude Include="..\Common\DDSTextureLoader.h">
      <Filter>Common</Filter>
    </ClInclude>
    <ClInclude Include="..\Common\dxerr.h">
      <Filter>Common</Filter>
    </ClInclude>
    <ClInclude Include="..\Common\GameTimer.h">
      <Filter>Common</Filter>
    </ClInclude>
    <ClInclude Include="..\Common\GeometryGenerator.h">
      <Filter>Common</Filter>
    </ClInclude>
    <ClInclude Include="..\Common\LightHelper.h">
      <Filter>Common</Filter>
    </ClInclude>
    <ClInclude Include="..\Common\MathHelper.h">
      <Filter>Common</Filter>
    </ClInclude>
    <ClInclude Include="..\Common\TextureMgr.h">
      <Filter>Common</Filter>
    </ClInclude>
    <ClInclude Include="imgui\imgui_impl_dx11.h">
      <Filter>imgui</Filter>
    </ClInclude>
    <ClInclude Include="imgui\imgui_impl_win32.h">
      <Filter>imgui</Filter>
    </ClInclude>
    <ClInclude Include="imgui\imgui\imconfig.h">
      <Filter>imgui\imgui</Filter>
    </ClInclude>
    <ClInclude Include="imgui\imgui\imgui.h">
      <Filter>imgui\imgui</Filter>
    </ClInclude>
    <ClInclude Include="imgui\imgui\imgui_internal.h">
      <Filter>imgui\imgui</Filter>
    </ClInclude>
    <ClInclude Include="imgui\imguizmo\ImCurveEdit.h">
      <Filter>imgui\imguizmo</Filter>
    </ClInclude>
    <ClInclude Include="imgui\imguizmo\ImGradient.h">
      <Filter>imgui\imguizmo</Filter>
    </ClInclude>
    <ClInclude Include="imgui\imguizmo\ImGuizmo.h">
      <Filter>imgui\imguizmo</Filter>
    </ClInclude>
    <ClInclude Include="imgui\imguizmo\ImSequencer.h">
      <Filter>imgui\imguizmo</Filter>
    </ClInclude>
    <ClInclude Include="imgui\imguizmo\ImZoomSlider.h">
      <Filter>imgui\imguizmo</Filter>
    </ClInclude>
    <ClInclude Include="Physics.h">
      <Filter>Header Files</Filter>
    </ClInclude>
    <ClInclude Include="Scene.h">
      <Filter>Header Files</Filter>
    </ClInclude>
    <ClInclude Include="Components.h">
      <Filter>Header Files</Filter>
    </ClInclude>
  </ItemGroup>
  <ItemGroup>
    <CustomBuild Include="FX\Basic.fx">
      <Filter>FX</Filter>
    </CustomBuild>
    <CustomBuild Include="FX\BuildShadowMap.fx">
      <Filter>FX</Filter>
    </CustomBuild>
    <CustomBuild Include="FX\DebugTexture.fx">
      <Filter>FX</Filter>
    </CustomBuild>
    <CustomBuild Include="FX\LightHelper.fx">
      <Filter>FX</Filter>
    </CustomBuild>
    <CustomBuild Include="FX\NormalMap.fx">
      <Filter>FX</Filter>
    </CustomBuild>
    <CustomBuild Include="FX\Sky.fx">
      <Filter>FX</Filter>
    </CustomBuild>
    <CustomBuild Include="FX\Ssao.fx">
      <Filter>FX</Filter>
    </CustomBuild>
    <CustomBuild Include="FX\SsaoBlur.fx">
      <Filter>FX</Filter>
    </CustomBuild>
    <CustomBuild Include="FX\SsaoNormalDepth.fx">
      <Filter>FX</Filter>
    </CustomBuild>
    <CustomBuild Include="FX\Terrain.fx">
      <Filter>FX</Filter>
    </CustomBuild>
    <CustomBuild Include="FX\Fire.fx">
      <Filter>FX</Filter>
    </CustomBuild>
    <CustomBuild Include="FX\Sprite.fx">
      <Filter>FX</Filter>
    </CustomBuild>
  </ItemGroup>
</Project>